
Microsoft Visual Studio Solution File, Format Version 12.00
# Visual Studio 14
VisualStudioVersion = 14.0.25123.0
MinimumVisualStudioVersion = 10.0.40219.1
Project("{FAE04EC0-301F-11D3-BF4B-00C04F79EFBC}") = "SegmentedControl.FormsPlugin.Abstractions", "SegmentedControl\SegmentedControl.FormsPlugin.Abstractions\SegmentedControl.FormsPlugin.Abstractions.csproj", "{14C534B6-1984-41A9-A384-D3A5508588E3}"
EndProject
Project("{FAE04EC0-301F-11D3-BF4B-00C04F79EFBC}") = "SegmentedControl.FormsPlugin.iOS", "SegmentedControl\SegmentedControl.FormsPlugin.iOS\SegmentedControl.FormsPlugin.iOS.csproj", "{D525F236-6A2D-4010-B1CC-4A4B8581C90B}"
EndProject
Project("{FAE04EC0-301F-11D3-BF4B-00C04F79EFBC}") = "SegmentedControl.FormsPlugin.Android", "SegmentedControl\SegmentedControl.FormsPlugin.Android\SegmentedControl.FormsPlugin.Android.csproj", "{AD2D2DB4-E781-4CF1-9B62-3AAD264F196D}"
EndProject
Project("{FAE04EC0-301F-11D3-BF4B-00C04F79EFBC}") = "Demo", "Demo\Demo.csproj", "{0A76F6F9-3C37-4D5F-96BA-FAAD473115C3}"
EndProject
Project("{FAE04EC0-301F-11D3-BF4B-00C04F79EFBC}") = "Demo.Droid", "Droid\Demo.Droid.csproj", "{80C7503B-92FB-4847-978C-A37AD2139767}"
EndProject
Project("{FAE04EC0-301F-11D3-BF4B-00C04F79EFBC}") = "Demo.iOS", "iOS\Demo.iOS.csproj", "{71701994-F330-4D8D-9351-42A39C26B737}"
EndProject
Project("{FAE04EC0-301F-11D3-BF4B-00C04F79EFBC}") = "SegmentedControl.FormsPlugin.UWP", "SegmentedControl\SegmentedControl.FormsPlugin.UWP\SegmentedControl.FormsPlugin.UWP.csproj", "{9DD9F8E8-4A69-47AF-A7EF-73CA9C3F80EA}"
EndProject
Global
	GlobalSection(SolutionConfigurationPlatforms) = preSolution
		AppStore|Any CPU = AppStore|Any CPU
		AppStore|ARM = AppStore|ARM
		AppStore|x64 = AppStore|x64
		AppStore|x86 = AppStore|x86
		Debug|Any CPU = Debug|Any CPU
		Debug|ARM = Debug|ARM
		Debug|x64 = Debug|x64
		Debug|x86 = Debug|x86
		Release|Any CPU = Release|Any CPU
		Release|ARM = Release|ARM
		Release|x64 = Release|x64
		Release|x86 = Release|x86
		Debug|iPhoneSimulator = Debug|iPhoneSimulator
		Release|iPhone = Release|iPhone
		Release|iPhoneSimulator = Release|iPhoneSimulator
		Debug|iPhone = Debug|iPhone
	EndGlobalSection
	GlobalSection(ProjectConfigurationPlatforms) = postSolution
		{14C534B6-1984-41A9-A384-D3A5508588E3}.AppStore|Any CPU.ActiveCfg = Release|Any CPU
		{14C534B6-1984-41A9-A384-D3A5508588E3}.AppStore|Any CPU.Build.0 = Release|Any CPU
		{14C534B6-1984-41A9-A384-D3A5508588E3}.AppStore|ARM.ActiveCfg = Release|Any CPU
		{14C534B6-1984-41A9-A384-D3A5508588E3}.AppStore|ARM.Build.0 = Release|Any CPU
		{14C534B6-1984-41A9-A384-D3A5508588E3}.AppStore|x64.ActiveCfg = Release|Any CPU
		{14C534B6-1984-41A9-A384-D3A5508588E3}.AppStore|x64.Build.0 = Release|Any CPU
		{14C534B6-1984-41A9-A384-D3A5508588E3}.AppStore|x86.ActiveCfg = Release|Any CPU
		{14C534B6-1984-41A9-A384-D3A5508588E3}.AppStore|x86.Build.0 = Release|Any CPU
		{14C534B6-1984-41A9-A384-D3A5508588E3}.Debug|Any CPU.ActiveCfg = Debug|Any CPU
		{14C534B6-1984-41A9-A384-D3A5508588E3}.Debug|Any CPU.Build.0 = Debug|Any CPU
		{14C534B6-1984-41A9-A384-D3A5508588E3}.Debug|ARM.ActiveCfg = Debug|Any CPU
		{14C534B6-1984-41A9-A384-D3A5508588E3}.Debug|ARM.Build.0 = Debug|Any CPU
		{14C534B6-1984-41A9-A384-D3A5508588E3}.Debug|x64.ActiveCfg = Debug|Any CPU
		{14C534B6-1984-41A9-A384-D3A5508588E3}.Debug|x64.Build.0 = Debug|Any CPU
		{14C534B6-1984-41A9-A384-D3A5508588E3}.Debug|x86.ActiveCfg = Debug|Any CPU
		{14C534B6-1984-41A9-A384-D3A5508588E3}.Debug|x86.Build.0 = Debug|Any CPU
		{14C534B6-1984-41A9-A384-D3A5508588E3}.Release|Any CPU.ActiveCfg = Release|Any CPU
		{14C534B6-1984-41A9-A384-D3A5508588E3}.Release|Any CPU.Build.0 = Release|Any CPU
		{14C534B6-1984-41A9-A384-D3A5508588E3}.Release|ARM.ActiveCfg = Release|Any CPU
		{14C534B6-1984-41A9-A384-D3A5508588E3}.Release|ARM.Build.0 = Release|Any CPU
		{14C534B6-1984-41A9-A384-D3A5508588E3}.Release|x64.ActiveCfg = Release|Any CPU
		{14C534B6-1984-41A9-A384-D3A5508588E3}.Release|x64.Build.0 = Release|Any CPU
		{14C534B6-1984-41A9-A384-D3A5508588E3}.Release|x86.ActiveCfg = Release|Any CPU
		{14C534B6-1984-41A9-A384-D3A5508588E3}.Release|x86.Build.0 = Release|Any CPU
		{14C534B6-1984-41A9-A384-D3A5508588E3}.Debug|iPhoneSimulator.ActiveCfg = Debug|Any CPU
		{14C534B6-1984-41A9-A384-D3A5508588E3}.Debug|iPhoneSimulator.Build.0 = Debug|Any CPU
		{14C534B6-1984-41A9-A384-D3A5508588E3}.Release|iPhone.ActiveCfg = Release|Any CPU
		{14C534B6-1984-41A9-A384-D3A5508588E3}.Release|iPhone.Build.0 = Release|Any CPU
		{14C534B6-1984-41A9-A384-D3A5508588E3}.Release|iPhoneSimulator.ActiveCfg = Release|Any CPU
		{14C534B6-1984-41A9-A384-D3A5508588E3}.Release|iPhoneSimulator.Build.0 = Release|Any CPU
		{14C534B6-1984-41A9-A384-D3A5508588E3}.Debug|iPhone.ActiveCfg = Debug|Any CPU
		{14C534B6-1984-41A9-A384-D3A5508588E3}.Debug|iPhone.Build.0 = Debug|Any CPU
		{D525F236-6A2D-4010-B1CC-4A4B8581C90B}.AppStore|Any CPU.ActiveCfg = AppStore|Any CPU
		{D525F236-6A2D-4010-B1CC-4A4B8581C90B}.AppStore|Any CPU.Build.0 = AppStore|Any CPU
		{D525F236-6A2D-4010-B1CC-4A4B8581C90B}.AppStore|ARM.ActiveCfg = AppStore|Any CPU
		{D525F236-6A2D-4010-B1CC-4A4B8581C90B}.AppStore|ARM.Build.0 = AppStore|Any CPU
		{D525F236-6A2D-4010-B1CC-4A4B8581C90B}.AppStore|x64.ActiveCfg = AppStore|Any CPU
		{D525F236-6A2D-4010-B1CC-4A4B8581C90B}.AppStore|x64.Build.0 = AppStore|Any CPU
		{D525F236-6A2D-4010-B1CC-4A4B8581C90B}.AppStore|x86.ActiveCfg = AppStore|Any CPU
		{D525F236-6A2D-4010-B1CC-4A4B8581C90B}.AppStore|x86.Build.0 = AppStore|Any CPU
		{D525F236-6A2D-4010-B1CC-4A4B8581C90B}.Debug|Any CPU.ActiveCfg = Debug|Any CPU
		{D525F236-6A2D-4010-B1CC-4A4B8581C90B}.Debug|Any CPU.Build.0 = Debug|Any CPU
		{D525F236-6A2D-4010-B1CC-4A4B8581C90B}.Debug|ARM.ActiveCfg = Debug|Any CPU
		{D525F236-6A2D-4010-B1CC-4A4B8581C90B}.Debug|ARM.Build.0 = Debug|Any CPU
		{D525F236-6A2D-4010-B1CC-4A4B8581C90B}.Debug|x64.ActiveCfg = Debug|Any CPU
		{D525F236-6A2D-4010-B1CC-4A4B8581C90B}.Debug|x64.Build.0 = Debug|Any CPU
		{D525F236-6A2D-4010-B1CC-4A4B8581C90B}.Debug|x86.ActiveCfg = Debug|Any CPU
		{D525F236-6A2D-4010-B1CC-4A4B8581C90B}.Debug|x86.Build.0 = Debug|Any CPU
		{D525F236-6A2D-4010-B1CC-4A4B8581C90B}.Release|Any CPU.ActiveCfg = Release|Any CPU
		{D525F236-6A2D-4010-B1CC-4A4B8581C90B}.Release|Any CPU.Build.0 = Release|Any CPU
		{D525F236-6A2D-4010-B1CC-4A4B8581C90B}.Release|ARM.ActiveCfg = Release|Any CPU
		{D525F236-6A2D-4010-B1CC-4A4B8581C90B}.Release|ARM.Build.0 = Release|Any CPU
		{D525F236-6A2D-4010-B1CC-4A4B8581C90B}.Release|x64.ActiveCfg = Release|Any CPU
		{D525F236-6A2D-4010-B1CC-4A4B8581C90B}.Release|x64.Build.0 = Release|Any CPU
		{D525F236-6A2D-4010-B1CC-4A4B8581C90B}.Release|x86.ActiveCfg = Release|Any CPU
		{D525F236-6A2D-4010-B1CC-4A4B8581C90B}.Release|x86.Build.0 = Release|Any CPU
		{D525F236-6A2D-4010-B1CC-4A4B8581C90B}.Debug|iPhoneSimulator.ActiveCfg = Debug|Any CPU
		{D525F236-6A2D-4010-B1CC-4A4B8581C90B}.Debug|iPhoneSimulator.Build.0 = Debug|Any CPU
		{D525F236-6A2D-4010-B1CC-4A4B8581C90B}.Release|iPhone.ActiveCfg = Release|Any CPU
		{D525F236-6A2D-4010-B1CC-4A4B8581C90B}.Release|iPhone.Build.0 = Release|Any CPU
		{D525F236-6A2D-4010-B1CC-4A4B8581C90B}.Release|iPhoneSimulator.ActiveCfg = Release|Any CPU
		{D525F236-6A2D-4010-B1CC-4A4B8581C90B}.Release|iPhoneSimulator.Build.0 = Release|Any CPU
		{D525F236-6A2D-4010-B1CC-4A4B8581C90B}.Debug|iPhone.ActiveCfg = Debug|Any CPU
		{D525F236-6A2D-4010-B1CC-4A4B8581C90B}.Debug|iPhone.Build.0 = Debug|Any CPU
		{AD2D2DB4-E781-4CF1-9B62-3AAD264F196D}.AppStore|Any CPU.ActiveCfg = Release|Any CPU
		{AD2D2DB4-E781-4CF1-9B62-3AAD264F196D}.AppStore|Any CPU.Build.0 = Release|Any CPU
		{AD2D2DB4-E781-4CF1-9B62-3AAD264F196D}.AppStore|ARM.ActiveCfg = Release|Any CPU
		{AD2D2DB4-E781-4CF1-9B62-3AAD264F196D}.AppStore|ARM.Build.0 = Release|Any CPU
		{AD2D2DB4-E781-4CF1-9B62-3AAD264F196D}.AppStore|x64.ActiveCfg = Release|Any CPU
		{AD2D2DB4-E781-4CF1-9B62-3AAD264F196D}.AppStore|x64.Build.0 = Release|Any CPU
		{AD2D2DB4-E781-4CF1-9B62-3AAD264F196D}.AppStore|x86.ActiveCfg = Release|Any CPU
		{AD2D2DB4-E781-4CF1-9B62-3AAD264F196D}.AppStore|x86.Build.0 = Release|Any CPU
		{AD2D2DB4-E781-4CF1-9B62-3AAD264F196D}.Debug|Any CPU.ActiveCfg = Debug|Any CPU
		{AD2D2DB4-E781-4CF1-9B62-3AAD264F196D}.Debug|Any CPU.Build.0 = Debug|Any CPU
		{AD2D2DB4-E781-4CF1-9B62-3AAD264F196D}.Debug|ARM.ActiveCfg = Debug|Any CPU
		{AD2D2DB4-E781-4CF1-9B62-3AAD264F196D}.Debug|ARM.Build.0 = Debug|Any CPU
		{AD2D2DB4-E781-4CF1-9B62-3AAD264F196D}.Debug|x64.ActiveCfg = Debug|Any CPU
		{AD2D2DB4-E781-4CF1-9B62-3AAD264F196D}.Debug|x64.Build.0 = Debug|Any CPU
		{AD2D2DB4-E781-4CF1-9B62-3AAD264F196D}.Debug|x86.ActiveCfg = Debug|Any CPU
		{AD2D2DB4-E781-4CF1-9B62-3AAD264F196D}.Debug|x86.Build.0 = Debug|Any CPU
		{AD2D2DB4-E781-4CF1-9B62-3AAD264F196D}.Release|Any CPU.ActiveCfg = Release|Any CPU
		{AD2D2DB4-E781-4CF1-9B62-3AAD264F196D}.Release|Any CPU.Build.0 = Release|Any CPU
		{AD2D2DB4-E781-4CF1-9B62-3AAD264F196D}.Release|ARM.ActiveCfg = Release|Any CPU
		{AD2D2DB4-E781-4CF1-9B62-3AAD264F196D}.Release|ARM.Build.0 = Release|Any CPU
		{AD2D2DB4-E781-4CF1-9B62-3AAD264F196D}.Release|x64.ActiveCfg = Release|Any CPU
		{AD2D2DB4-E781-4CF1-9B62-3AAD264F196D}.Release|x64.Build.0 = Release|Any CPU
		{AD2D2DB4-E781-4CF1-9B62-3AAD264F196D}.Release|x86.ActiveCfg = Release|Any CPU
		{AD2D2DB4-E781-4CF1-9B62-3AAD264F196D}.Release|x86.Build.0 = Release|Any CPU
		{AD2D2DB4-E781-4CF1-9B62-3AAD264F196D}.Debug|iPhoneSimulator.ActiveCfg = Debug|Any CPU
		{AD2D2DB4-E781-4CF1-9B62-3AAD264F196D}.Debug|iPhoneSimulator.Build.0 = Debug|Any CPU
		{AD2D2DB4-E781-4CF1-9B62-3AAD264F196D}.Release|iPhone.ActiveCfg = Release|Any CPU
		{AD2D2DB4-E781-4CF1-9B62-3AAD264F196D}.Release|iPhone.Build.0 = Release|Any CPU
		{AD2D2DB4-E781-4CF1-9B62-3AAD264F196D}.Release|iPhoneSimulator.ActiveCfg = Release|Any CPU
		{AD2D2DB4-E781-4CF1-9B62-3AAD264F196D}.Release|iPhoneSimulator.Build.0 = Release|Any CPU
		{AD2D2DB4-E781-4CF1-9B62-3AAD264F196D}.Debug|iPhone.ActiveCfg = Debug|Any CPU
		{AD2D2DB4-E781-4CF1-9B62-3AAD264F196D}.Debug|iPhone.Build.0 = Debug|Any CPU
		{0A76F6F9-3C37-4D5F-96BA-FAAD473115C3}.AppStore|Any CPU.ActiveCfg = Debug|Any CPU
		{0A76F6F9-3C37-4D5F-96BA-FAAD473115C3}.AppStore|Any CPU.Build.0 = Debug|Any CPU
		{0A76F6F9-3C37-4D5F-96BA-FAAD473115C3}.AppStore|ARM.ActiveCfg = Debug|Any CPU
		{0A76F6F9-3C37-4D5F-96BA-FAAD473115C3}.AppStore|ARM.Build.0 = Debug|Any CPU
		{0A76F6F9-3C37-4D5F-96BA-FAAD473115C3}.AppStore|x64.ActiveCfg = Debug|Any CPU
		{0A76F6F9-3C37-4D5F-96BA-FAAD473115C3}.AppStore|x64.Build.0 = Debug|Any CPU
		{0A76F6F9-3C37-4D5F-96BA-FAAD473115C3}.AppStore|x86.ActiveCfg = Debug|Any CPU
		{0A76F6F9-3C37-4D5F-96BA-FAAD473115C3}.AppStore|x86.Build.0 = Debug|Any CPU
		{0A76F6F9-3C37-4D5F-96BA-FAAD473115C3}.Debug|Any CPU.ActiveCfg = Debug|Any CPU
		{0A76F6F9-3C37-4D5F-96BA-FAAD473115C3}.Debug|Any CPU.Build.0 = Debug|Any CPU
		{0A76F6F9-3C37-4D5F-96BA-FAAD473115C3}.Debug|ARM.ActiveCfg = Debug|Any CPU
		{0A76F6F9-3C37-4D5F-96BA-FAAD473115C3}.Debug|ARM.Build.0 = Debug|Any CPU
		{0A76F6F9-3C37-4D5F-96BA-FAAD473115C3}.Debug|x64.ActiveCfg = Debug|Any CPU
		{0A76F6F9-3C37-4D5F-96BA-FAAD473115C3}.Debug|x64.Build.0 = Debug|Any CPU
		{0A76F6F9-3C37-4D5F-96BA-FAAD473115C3}.Debug|x86.ActiveCfg = Debug|Any CPU
		{0A76F6F9-3C37-4D5F-96BA-FAAD473115C3}.Debug|x86.Build.0 = Debug|Any CPU
		{0A76F6F9-3C37-4D5F-96BA-FAAD473115C3}.Release|Any CPU.ActiveCfg = Release|Any CPU
		{0A76F6F9-3C37-4D5F-96BA-FAAD473115C3}.Release|Any CPU.Build.0 = Release|Any CPU
		{0A76F6F9-3C37-4D5F-96BA-FAAD473115C3}.Release|ARM.ActiveCfg = Release|Any CPU
		{0A76F6F9-3C37-4D5F-96BA-FAAD473115C3}.Release|ARM.Build.0 = Release|Any CPU
		{0A76F6F9-3C37-4D5F-96BA-FAAD473115C3}.Release|x64.ActiveCfg = Release|Any CPU
		{0A76F6F9-3C37-4D5F-96BA-FAAD473115C3}.Release|x64.Build.0 = Release|Any CPU
		{0A76F6F9-3C37-4D5F-96BA-FAAD473115C3}.Release|x86.ActiveCfg = Release|Any CPU
		{0A76F6F9-3C37-4D5F-96BA-FAAD473115C3}.Release|x86.Build.0 = Release|Any CPU
		{0A76F6F9-3C37-4D5F-96BA-FAAD473115C3}.Debug|iPhoneSimulator.ActiveCfg = Debug|Any CPU
		{0A76F6F9-3C37-4D5F-96BA-FAAD473115C3}.Debug|iPhoneSimulator.Build.0 = Debug|Any CPU
		{0A76F6F9-3C37-4D5F-96BA-FAAD473115C3}.Release|iPhone.ActiveCfg = Release|Any CPU
		{0A76F6F9-3C37-4D5F-96BA-FAAD473115C3}.Release|iPhone.Build.0 = Release|Any CPU
		{0A76F6F9-3C37-4D5F-96BA-FAAD473115C3}.Release|iPhoneSimulator.ActiveCfg = Release|Any CPU
		{0A76F6F9-3C37-4D5F-96BA-FAAD473115C3}.Release|iPhoneSimulator.Build.0 = Release|Any CPU
		{0A76F6F9-3C37-4D5F-96BA-FAAD473115C3}.Debug|iPhone.ActiveCfg = Debug|Any CPU
		{0A76F6F9-3C37-4D5F-96BA-FAAD473115C3}.Debug|iPhone.Build.0 = Debug|Any CPU
		{80C7503B-92FB-4847-978C-A37AD2139767}.AppStore|Any CPU.ActiveCfg = Debug|Any CPU
		{80C7503B-92FB-4847-978C-A37AD2139767}.AppStore|Any CPU.Build.0 = Debug|Any CPU
		{80C7503B-92FB-4847-978C-A37AD2139767}.AppStore|ARM.ActiveCfg = Debug|Any CPU
		{80C7503B-92FB-4847-978C-A37AD2139767}.AppStore|ARM.Build.0 = Debug|Any CPU
		{80C7503B-92FB-4847-978C-A37AD2139767}.AppStore|x64.ActiveCfg = Debug|Any CPU
		{80C7503B-92FB-4847-978C-A37AD2139767}.AppStore|x64.Build.0 = Debug|Any CPU
		{80C7503B-92FB-4847-978C-A37AD2139767}.AppStore|x86.ActiveCfg = Debug|Any CPU
		{80C7503B-92FB-4847-978C-A37AD2139767}.AppStore|x86.Build.0 = Debug|Any CPU
		{80C7503B-92FB-4847-978C-A37AD2139767}.Debug|Any CPU.ActiveCfg = Debug|Any CPU
		{80C7503B-92FB-4847-978C-A37AD2139767}.Debug|Any CPU.Build.0 = Debug|Any CPU
		{80C7503B-92FB-4847-978C-A37AD2139767}.Debug|ARM.ActiveCfg = Debug|Any CPU
		{80C7503B-92FB-4847-978C-A37AD2139767}.Debug|ARM.Build.0 = Debug|Any CPU
		{80C7503B-92FB-4847-978C-A37AD2139767}.Debug|x64.ActiveCfg = Debug|Any CPU
		{80C7503B-92FB-4847-978C-A37AD2139767}.Debug|x64.Build.0 = Debug|Any CPU
		{80C7503B-92FB-4847-978C-A37AD2139767}.Debug|x86.ActiveCfg = Debug|Any CPU
		{80C7503B-92FB-4847-978C-A37AD2139767}.Debug|x86.Build.0 = Debug|Any CPU
		{80C7503B-92FB-4847-978C-A37AD2139767}.Release|Any CPU.ActiveCfg = Release|Any CPU
		{80C7503B-92FB-4847-978C-A37AD2139767}.Release|Any CPU.Build.0 = Release|Any CPU
		{80C7503B-92FB-4847-978C-A37AD2139767}.Release|ARM.ActiveCfg = Release|Any CPU
		{80C7503B-92FB-4847-978C-A37AD2139767}.Release|ARM.Build.0 = Release|Any CPU
		{80C7503B-92FB-4847-978C-A37AD2139767}.Release|x64.ActiveCfg = Release|Any CPU
		{80C7503B-92FB-4847-978C-A37AD2139767}.Release|x64.Build.0 = Release|Any CPU
		{80C7503B-92FB-4847-978C-A37AD2139767}.Release|x86.ActiveCfg = Release|Any CPU
		{80C7503B-92FB-4847-978C-A37AD2139767}.Release|x86.Build.0 = Release|Any CPU
		{80C7503B-92FB-4847-978C-A37AD2139767}.Debug|iPhoneSimulator.ActiveCfg = Debug|Any CPU
		{80C7503B-92FB-4847-978C-A37AD2139767}.Debug|iPhoneSimulator.Build.0 = Debug|Any CPU
		{80C7503B-92FB-4847-978C-A37AD2139767}.Release|iPhone.ActiveCfg = Release|Any CPU
		{80C7503B-92FB-4847-978C-A37AD2139767}.Release|iPhone.Build.0 = Release|Any CPU
		{80C7503B-92FB-4847-978C-A37AD2139767}.Release|iPhoneSimulator.ActiveCfg = Release|Any CPU
		{80C7503B-92FB-4847-978C-A37AD2139767}.Release|iPhoneSimulator.Build.0 = Release|Any CPU
		{80C7503B-92FB-4847-978C-A37AD2139767}.Debug|iPhone.ActiveCfg = Debug|Any CPU
		{80C7503B-92FB-4847-978C-A37AD2139767}.Debug|iPhone.Build.0 = Debug|Any CPU
		{71701994-F330-4D8D-9351-42A39C26B737}.AppStore|Any CPU.ActiveCfg = Debug|iPhoneSimulator
		{71701994-F330-4D8D-9351-42A39C26B737}.AppStore|Any CPU.Build.0 = Debug|iPhoneSimulator
		{71701994-F330-4D8D-9351-42A39C26B737}.AppStore|ARM.ActiveCfg = Debug|iPhoneSimulator
		{71701994-F330-4D8D-9351-42A39C26B737}.AppStore|ARM.Build.0 = Debug|iPhoneSimulator
		{71701994-F330-4D8D-9351-42A39C26B737}.AppStore|x64.ActiveCfg = Debug|iPhoneSimulator
		{71701994-F330-4D8D-9351-42A39C26B737}.AppStore|x64.Build.0 = Debug|iPhoneSimulator
		{71701994-F330-4D8D-9351-42A39C26B737}.AppStore|x86.ActiveCfg = Debug|iPhoneSimulator
		{71701994-F330-4D8D-9351-42A39C26B737}.AppStore|x86.Build.0 = Debug|iPhoneSimulator
		{71701994-F330-4D8D-9351-42A39C26B737}.Debug|Any CPU.ActiveCfg = Debug|iPhoneSimulator
		{71701994-F330-4D8D-9351-42A39C26B737}.Debug|Any CPU.Build.0 = Debug|iPhoneSimulator
		{71701994-F330-4D8D-9351-42A39C26B737}.Debug|ARM.ActiveCfg = Debug|iPhoneSimulator
		{71701994-F330-4D8D-9351-42A39C26B737}.Debug|ARM.Build.0 = Debug|iPhoneSimulator
		{71701994-F330-4D8D-9351-42A39C26B737}.Debug|x64.ActiveCfg = Debug|iPhoneSimulator
		{71701994-F330-4D8D-9351-42A39C26B737}.Debug|x64.Build.0 = Debug|iPhoneSimulator
		{71701994-F330-4D8D-9351-42A39C26B737}.Debug|x86.ActiveCfg = Debug|iPhoneSimulator
		{71701994-F330-4D8D-9351-42A39C26B737}.Debug|x86.Build.0 = Debug|iPhoneSimulator
		{71701994-F330-4D8D-9351-42A39C26B737}.Release|Any CPU.ActiveCfg = Release|iPhone
		{71701994-F330-4D8D-9351-42A39C26B737}.Release|Any CPU.Build.0 = Release|iPhone
		{71701994-F330-4D8D-9351-42A39C26B737}.Release|ARM.ActiveCfg = Release|iPhone
		{71701994-F330-4D8D-9351-42A39C26B737}.Release|ARM.Build.0 = Release|iPhone
		{71701994-F330-4D8D-9351-42A39C26B737}.Release|x64.ActiveCfg = Release|iPhone
		{71701994-F330-4D8D-9351-42A39C26B737}.Release|x64.Build.0 = Release|iPhone
		{71701994-F330-4D8D-9351-42A39C26B737}.Release|x86.ActiveCfg = Release|iPhone
		{71701994-F330-4D8D-9351-42A39C26B737}.Release|x86.Build.0 = Release|iPhone
		{71701994-F330-4D8D-9351-42A39C26B737}.Debug|iPhoneSimulator.ActiveCfg = Debug|iPhoneSimulator
		{71701994-F330-4D8D-9351-42A39C26B737}.Debug|iPhoneSimulator.Build.0 = Debug|iPhoneSimulator
		{71701994-F330-4D8D-9351-42A39C26B737}.Release|iPhone.ActiveCfg = Release|iPhone
		{71701994-F330-4D8D-9351-42A39C26B737}.Release|iPhone.Build.0 = Release|iPhone
		{71701994-F330-4D8D-9351-42A39C26B737}.Release|iPhoneSimulator.ActiveCfg = Release|iPhoneSimulator
		{71701994-F330-4D8D-9351-42A39C26B737}.Release|iPhoneSimulator.Build.0 = Release|iPhoneSimulator
		{71701994-F330-4D8D-9351-42A39C26B737}.Debug|iPhone.ActiveCfg = Debug|iPhone
		{71701994-F330-4D8D-9351-42A39C26B737}.Debug|iPhone.Build.0 = Debug|iPhone
		{9DD9F8E8-4A69-47AF-A7EF-73CA9C3F80EA}.AppStore|Any CPU.ActiveCfg = Release|Any CPU
		{9DD9F8E8-4A69-47AF-A7EF-73CA9C3F80EA}.AppStore|Any CPU.Build.0 = Release|Any CPU
		{9DD9F8E8-4A69-47AF-A7EF-73CA9C3F80EA}.AppStore|ARM.ActiveCfg = Release|ARM
		{9DD9F8E8-4A69-47AF-A7EF-73CA9C3F80EA}.AppStore|ARM.Build.0 = Release|ARM
		{9DD9F8E8-4A69-47AF-A7EF-73CA9C3F80EA}.AppStore|x64.ActiveCfg = Release|x64
		{9DD9F8E8-4A69-47AF-A7EF-73CA9C3F80EA}.AppStore|x64.Build.0 = Release|x64
		{9DD9F8E8-4A69-47AF-A7EF-73CA9C3F80EA}.AppStore|x86.ActiveCfg = Release|x86
		{9DD9F8E8-4A69-47AF-A7EF-73CA9C3F80EA}.AppStore|x86.Build.0 = Release|x86
		{9DD9F8E8-4A69-47AF-A7EF-73CA9C3F80EA}.Debug|Any CPU.ActiveCfg = Debug|Any CPU
		{9DD9F8E8-4A69-47AF-A7EF-73CA9C3F80EA}.Debug|Any CPU.Build.0 = Debug|Any CPU
		{9DD9F8E8-4A69-47AF-A7EF-73CA9C3F80EA}.Debug|ARM.ActiveCfg = Debug|ARM
		{9DD9F8E8-4A69-47AF-A7EF-73CA9C3F80EA}.Debug|ARM.Build.0 = Debug|ARM
		{9DD9F8E8-4A69-47AF-A7EF-73CA9C3F80EA}.Debug|x64.ActiveCfg = Debug|x64
		{9DD9F8E8-4A69-47AF-A7EF-73CA9C3F80EA}.Debug|x64.Build.0 = Debug|x64
		{9DD9F8E8-4A69-47AF-A7EF-73CA9C3F80EA}.Debug|x86.ActiveCfg = Debug|x86
		{9DD9F8E8-4A69-47AF-A7EF-73CA9C3F80EA}.Debug|x86.Build.0 = Debug|x86
		{9DD9F8E8-4A69-47AF-A7EF-73CA9C3F80EA}.Release|Any CPU.ActiveCfg = Release|Any CPU
		{9DD9F8E8-4A69-47AF-A7EF-73CA9C3F80EA}.Release|Any CPU.Build.0 = Release|Any CPU
		{9DD9F8E8-4A69-47AF-A7EF-73CA9C3F80EA}.Release|ARM.ActiveCfg = Release|ARM
		{9DD9F8E8-4A69-47AF-A7EF-73CA9C3F80EA}.Release|ARM.Build.0 = Release|ARM
		{9DD9F8E8-4A69-47AF-A7EF-73CA9C3F80EA}.Release|x64.ActiveCfg = Release|x64
		{9DD9F8E8-4A69-47AF-A7EF-73CA9C3F80EA}.Release|x64.Build.0 = Release|x64
		{9DD9F8E8-4A69-47AF-A7EF-73CA9C3F80EA}.Release|x86.ActiveCfg = Release|x86
		{9DD9F8E8-4A69-47AF-A7EF-73CA9C3F80EA}.Release|x86.Build.0 = Release|x86
		{9DD9F8E8-4A69-47AF-A7EF-73CA9C3F80EA}.Debug|iPhoneSimulator.ActiveCfg = Debug|Any CPU
		{9DD9F8E8-4A69-47AF-A7EF-73CA9C3F80EA}.Release|iPhone.ActiveCfg = Release|Any CPU
		{9DD9F8E8-4A69-47AF-A7EF-73CA9C3F80EA}.Release|iPhoneSimulator.ActiveCfg = Release|Any CPU
		{9DD9F8E8-4A69-47AF-A7EF-73CA9C3F80EA}.Debug|iPhone.ActiveCfg = Debug|Any CPU
	EndGlobalSection
	GlobalSection(SolutionProperties) = preSolution
		HideSolutionNode = FALSE
	EndGlobalSection
	GlobalSection(NestedProjects) = preSolution
	EndGlobalSection
	GlobalSection(MonoDevelopProperties) = preSolution
		version = 1.2.0
	EndGlobalSection
EndGlobal
